
Microsoft Visual Studio Solution File, Format Version 12.00
# Visual Studio Version 17
VisualStudioVersion = 17.11.35327.3
MinimumVisualStudioVersion = 10.0.40219.1
Project("{9A19103F-16F7-4668-BE54-9A1E7A4F7556}") = "ServerManagment", "ServerManagment\ServerManagment.csproj", "{68894217-15C9-45BC-8D33-CBE728DA8FDA}"
EndProject
Global
	GlobalSection(SolutionConfigurationPlatforms) = preSolution
		Debug|Any CPU = Debug|Any CPU
		Release|Any CPU = Release|Any CPU
	EndGlobalSection
	GlobalSection(ProjectConfigurationPlatforms) = postSolution
		{68894217-15C9-45BC-8D33-CBE728DA8FDA}.Debug|Any CPU.ActiveCfg = Debug|Any CPU
		{68894217-15C9-45BC-8D33-CBE728DA8FDA}.Debug|Any CPU.Build.0 = Debug|Any CPU
		{68894217-15C9-45BC-8D33-CBE728DA8FDA}.Release|Any CPU.ActiveCfg = Release|Any CPU
		{68894217-15C9-45BC-8D33-CBE728DA8FDA}.Release|Any CPU.Build.0 = Release|Any CPU
	EndGlobalSection
	GlobalSection(SolutionProperties) = preSolution
		HideSolutionNode = FALSE
	EndGlobalSection
	GlobalSection(ExtensibilityGlobals) = postSolution
		SolutionGuid = {6E348617-CB57-4D58-9C93-03343E4F349E}
	EndGlobalSection
EndGlobal
